# This file was autogenerated by Stack.
# You should not edit this file by hand.
# For more information, please see the documentation at:
#   https://docs.haskellstack.org/en/stable/topics/lock_files

packages: []
snapshots:
- completed:
    sha256: 9a8571b30826648f2767b6f128120fbcbd2220664d253ead9d9cbd80f1402b97
    size: 681591
    url: https://raw.githubusercontent.com/commercialhaskell/stackage-snapshots/master/nightly/2025/4/14.yaml
  original: nightly-2025-04-14
